// !$*UTF8*$!
{
	archiveVersion = 1;
	classes = {
	};
	objectVersion = 46;
	objects = {

/* Begin PBXBuildFile section */
		8000EB4D1B0AE84E00AF89B0 /* GraphView.swift in Sources */ = {isa = PBXBuildFile; fileRef = 8000EB4C1B0AE84E00AF89B0 /* GraphView.swift */; };
		8000EB4F1B0AE89400AF89B0 /* GraphViewController.swift in Sources */ = {isa = PBXBuildFile; fileRef = 8000EB4E1B0AE89400AF89B0 /* GraphViewController.swift */; };
		941948F71AFD0B5300C972F6 /* ProductionViewController.swift in Sources */ = {isa = PBXBuildFile; fileRef = 941948F61AFD0B5300C972F6 /* ProductionViewController.swift */; };
		941948F91AFD0E1C00C972F6 /* ConsumptionViewController.swift in Sources */ = {isa = PBXBuildFile; fileRef = 941948F81AFD0E1C00C972F6 /* ConsumptionViewController.swift */; };
		943407AD1AFEEC7700F71B71 /* Building.swift in Sources */ = {isa = PBXBuildFile; fileRef = 943407AC1AFEEC7700F71B71 /* Building.swift */; };
		943407B11B002C8200F71B71 /* DetailConsumptionViewController.swift in Sources */ = {isa = PBXBuildFile; fileRef = 943407B01B002C8200F71B71 /* DetailConsumptionViewController.swift */; };
		945137951AF2EE55002ED072 /* AppDelegate.swift in Sources */ = {isa = PBXBuildFile; fileRef = 945137941AF2EE55002ED072 /* AppDelegate.swift */; };
		9451379A1AF2EE55002ED072 /* Main.storyboard in Resources */ = {isa = PBXBuildFile; fileRef = 945137981AF2EE55002ED072 /* Main.storyboard */; };
		9451379C1AF2EE55002ED072 /* Images.xcassets in Resources */ = {isa = PBXBuildFile; fileRef = 9451379B1AF2EE55002ED072 /* Images.xcassets */; };
		9451379F1AF2EE55002ED072 /* LaunchScreen.xib in Resources */ = {isa = PBXBuildFile; fileRef = 9451379D1AF2EE55002ED072 /* LaunchScreen.xib */; };
		945137AB1AF2EE55002ED072 /* EnergyTests.swift in Sources */ = {isa = PBXBuildFile; fileRef = 945137AA1AF2EE55002ED072 /* EnergyTests.swift */; };
		B10E45BD1B02ED1400DCCA84 /* DataRetreiver.swift in Sources */ = {isa = PBXBuildFile; fileRef = B10E45BC1B02ED1400DCCA84 /* DataRetreiver.swift */; };
/* End PBXBuildFile section */

/* Begin PBXContainerItemProxy section */
		945137A51AF2EE55002ED072 /* PBXContainerItemProxy */ = {
			isa = PBXContainerItemProxy;
			containerPortal = 945137871AF2EE55002ED072 /* Project object */;
			proxyType = 1;
			remoteGlobalIDString = 9451378E1AF2EE55002ED072;
			remoteInfo = Energy;
		};
/* End PBXContainerItemProxy section */

/* Begin PBXFileReference section */
		8000EB471B0AE65800AF89B0 /* SWRevealViewController.h */ = {isa = PBXFileReference; fileEncoding = 4; lastKnownFileType = sourcecode.c.h; path = SWRevealViewController.h; sourceTree = "<group>"; };
		8000EB4C1B0AE84E00AF89B0 /* GraphView.swift */ = {isa = PBXFileReference; fileEncoding = 4; lastKnownFileType = sourcecode.swift; path = GraphView.swift; sourceTree = "<group>"; };
		8000EB4E1B0AE89400AF89B0 /* GraphViewController.swift */ = {isa = PBXFileReference; fileEncoding = 4; lastKnownFileType = sourcecode.swift; path = GraphViewController.swift; sourceTree = "<group>"; };
		941948F61AFD0B5300C972F6 /* ProductionViewController.swift */ = {isa = PBXFileReference; fileEncoding = 4; lastKnownFileType = sourcecode.swift; path = ProductionViewController.swift; sourceTree = "<group>"; };
		941948F81AFD0E1C00C972F6 /* ConsumptionViewController.swift */ = {isa = PBXFileReference; fileEncoding = 4; lastKnownFileType = sourcecode.swift; path = ConsumptionViewController.swift; sourceTree = "<group>"; };
		943407AC1AFEEC7700F71B71 /* Building.swift */ = {isa = PBXFileReference; fileEncoding = 4; lastKnownFileType = sourcecode.swift; path = Building.swift; sourceTree = "<group>"; };
		943407B01B002C8200F71B71 /* DetailConsumptionViewController.swift */ = {isa = PBXFileReference; fileEncoding = 4; lastKnownFileType = sourcecode.swift; path = DetailConsumptionViewController.swift; sourceTree = "<group>"; };
		943430E01B0A3C88000539D0 /* Energy-Bridging-Header.h */ = {isa = PBXFileReference; lastKnownFileType = sourcecode.c.h; path = "Energy-Bridging-Header.h"; sourceTree = "<group>"; };
		9451378F1AF2EE55002ED072 /* Energy.app */ = {isa = PBXFileReference; explicitFileType = wrapper.application; includeInIndex = 0; path = Energy.app; sourceTree = BUILT_PRODUCTS_DIR; };
		945137931AF2EE55002ED072 /* Info.plist */ = {isa = PBXFileReference; lastKnownFileType = text.plist.xml; path = Info.plist; sourceTree = "<group>"; };
		945137941AF2EE55002ED072 /* AppDelegate.swift */ = {isa = PBXFileReference; lastKnownFileType = sourcecode.swift; path = AppDelegate.swift; sourceTree = "<group>"; };
		945137991AF2EE55002ED072 /* Base */ = {isa = PBXFileReference; lastKnownFileType = file.storyboard; name = Base; path = Base.lproj/Main.storyboard; sourceTree = "<group>"; };
		9451379B1AF2EE55002ED072 /* Images.xcassets */ = {isa = PBXFileReference; lastKnownFileType = folder.assetcatalog; path = Images.xcassets; sourceTree = "<group>"; };
		9451379E1AF2EE55002ED072 /* Base */ = {isa = PBXFileReference; lastKnownFileType = file.xib; name = Base; path = Base.lproj/LaunchScreen.xib; sourceTree = "<group>"; };
		945137A41AF2EE55002ED072 /* EnergyTests.xctest */ = {isa = PBXFileReference; explicitFileType = wrapper.cfbundle; includeInIndex = 0; path = EnergyTests.xctest; sourceTree = BUILT_PRODUCTS_DIR; };
		945137A91AF2EE55002ED072 /* Info.plist */ = {isa = PBXFileReference; lastKnownFileType = text.plist.xml; path = Info.plist; sourceTree = "<group>"; };
		945137AA1AF2EE55002ED072 /* EnergyTests.swift */ = {isa = PBXFileReference; lastKnownFileType = sourcecode.swift; path = EnergyTests.swift; sourceTree = "<group>"; };
		B10E45BC1B02ED1400DCCA84 /* DataRetreiver.swift */ = {isa = PBXFileReference; fileEncoding = 4; lastKnownFileType = sourcecode.swift; path = DataRetreiver.swift; sourceTree = "<group>"; };
/* End PBXFileReference section */

/* Begin PBXFrameworksBuildPhase section */
		9451378C1AF2EE55002ED072 /* Frameworks */ = {
			isa = PBXFrameworksBuildPhase;
			buildActionMask = 2147483647;
			files = (
			);
			runOnlyForDeploymentPostprocessing = 0;
		};
		945137A11AF2EE55002ED072 /* Frameworks */ = {
			isa = PBXFrameworksBuildPhase;
			buildActionMask = 2147483647;
			files = (
			);
			runOnlyForDeploymentPostprocessing = 0;
		};
/* End PBXFrameworksBuildPhase section */

/* Begin PBXGroup section */
		945137861AF2EE55002ED072 = {
			isa = PBXGroup;
			children = (
				945137911AF2EE55002ED072 /* Energy */,
				945137A71AF2EE55002ED072 /* EnergyTests */,
				945137901AF2EE55002ED072 /* Products */,
			);
			sourceTree = "<group>";
		};
		945137901AF2EE55002ED072 /* Products */ = {
			isa = PBXGroup;
			children = (
				9451378F1AF2EE55002ED072 /* Energy.app */,
				945137A41AF2EE55002ED072 /* EnergyTests.xctest */,
			);
			name = Products;
			sourceTree = "<group>";
		};
		945137911AF2EE55002ED072 /* Energy */ = {
			isa = PBXGroup;
			children = (
				8000EB4E1B0AE89400AF89B0 /* GraphViewController.swift */,
				8000EB4C1B0AE84E00AF89B0 /* GraphView.swift */,
				941948F61AFD0B5300C972F6 /* ProductionViewController.swift */,
				941948F81AFD0E1C00C972F6 /* ConsumptionViewController.swift */,
				943407B01B002C8200F71B71 /* DetailConsumptionViewController.swift */,
				945137941AF2EE55002ED072 /* AppDelegate.swift */,
				945137981AF2EE55002ED072 /* Main.storyboard */,
				9451379B1AF2EE55002ED072 /* Images.xcassets */,
				9451379D1AF2EE55002ED072 /* LaunchScreen.xib */,
				B10E45BC1B02ED1400DCCA84 /* DataRetreiver.swift */,
				945137921AF2EE55002ED072 /* Supporting Files */,
				943407AC1AFEEC7700F71B71 /* Building.swift */,
				8000EB471B0AE65800AF89B0 /* SWRevealViewController.h */,
				943430E01B0A3C88000539D0 /* Energy-Bridging-Header.h */,
			);
			path = Energy;
			sourceTree = "<group>";
		};
		945137921AF2EE55002ED072 /* Supporting Files */ = {
			isa = PBXGroup;
			children = (
				945137931AF2EE55002ED072 /* Info.plist */,
			);
			name = "Supporting Files";
			sourceTree = "<group>";
		};
		945137A71AF2EE55002ED072 /* EnergyTests */ = {
			isa = PBXGroup;
			children = (
				945137AA1AF2EE55002ED072 /* EnergyTests.swift */,
				945137A81AF2EE55002ED072 /* Supporting Files */,
			);
			path = EnergyTests;
			sourceTree = "<group>";
		};
		945137A81AF2EE55002ED072 /* Supporting Files */ = {
			isa = PBXGroup;
			children = (
				945137A91AF2EE55002ED072 /* Info.plist */,
			);
			name = "Supporting Files";
			sourceTree = "<group>";
		};
/* End PBXGroup section */

/* Begin PBXNativeTarget section */
		9451378E1AF2EE55002ED072 /* Energy */ = {
			isa = PBXNativeTarget;
			buildConfigurationList = 945137AE1AF2EE55002ED072 /* Build configuration list for PBXNativeTarget "Energy" */;
			buildPhases = (
				9451378B1AF2EE55002ED072 /* Sources */,
				9451378C1AF2EE55002ED072 /* Frameworks */,
				9451378D1AF2EE55002ED072 /* Resources */,
			);
			buildRules = (
			);
			dependencies = (
			);
			name = Energy;
			productName = Energy;
			productReference = 9451378F1AF2EE55002ED072 /* Energy.app */;
			productType = "com.apple.product-type.application";
		};
		945137A31AF2EE55002ED072 /* EnergyTests */ = {
			isa = PBXNativeTarget;
			buildConfigurationList = 945137B11AF2EE55002ED072 /* Build configuration list for PBXNativeTarget "EnergyTests" */;
			buildPhases = (
				945137A01AF2EE55002ED072 /* Sources */,
				945137A11AF2EE55002ED072 /* Frameworks */,
				945137A21AF2EE55002ED072 /* Resources */,
			);
			buildRules = (
			);
			dependencies = (
				945137A61AF2EE55002ED072 /* PBXTargetDependency */,
			);
			name = EnergyTests;
			productName = EnergyTests;
			productReference = 945137A41AF2EE55002ED072 /* EnergyTests.xctest */;
			productType = "com.apple.product-type.bundle.unit-test";
		};
/* End PBXNativeTarget section */

/* Begin PBXProject section */
		945137871AF2EE55002ED072 /* Project object */ = {
			isa = PBXProject;
			attributes = {
				LastUpgradeCheck = 0630;
				ORGANIZATIONNAME = simonorlovsky;
				TargetAttributes = {
					9451378E1AF2EE55002ED072 = {
						CreatedOnToolsVersion = 6.3;
					};
					945137A31AF2EE55002ED072 = {
						CreatedOnToolsVersion = 6.3;
						TestTargetID = 9451378E1AF2EE55002ED072;
					};
				};
			};
			buildConfigurationList = 9451378A1AF2EE55002ED072 /* Build configuration list for PBXProject "Energy" */;
			compatibilityVersion = "Xcode 3.2";
			developmentRegion = English;
			hasScannedForEncodings = 0;
			knownRegions = (
				en,
				Base,
			);
			mainGroup = 945137861AF2EE55002ED072;
			productRefGroup = 945137901AF2EE55002ED072 /* Products */;
			projectDirPath = "";
			projectRoot = "";
			targets = (
				9451378E1AF2EE55002ED072 /* Energy */,
				945137A31AF2EE55002ED072 /* EnergyTests */,
			);
		};
/* End PBXProject section */

/* Begin PBXResourcesBuildPhase section */
		9451378D1AF2EE55002ED072 /* Resources */ = {
			isa = PBXResourcesBuildPhase;
			buildActionMask = 2147483647;
			files = (
				9451379A1AF2EE55002ED072 /* Main.storyboard in Resources */,
				9451379F1AF2EE55002ED072 /* LaunchScreen.xib in Resources */,
				9451379C1AF2EE55002ED072 /* Images.xcassets in Resources */,
			);
			runOnlyForDeploymentPostprocessing = 0;
		};
		945137A21AF2EE55002ED072 /* Resources */ = {
			isa = PBXResourcesBuildPhase;
			buildActionMask = 2147483647;
			files = (
			);
			runOnlyForDeploymentPostprocessing = 0;
		};
/* End PBXResourcesBuildPhase section */

/* Begin PBXSourcesBuildPhase section */
		9451378B1AF2EE55002ED072 /* Sources */ = {
			isa = PBXSourcesBuildPhase;
			buildActionMask = 2147483647;
			files = (
				8000EB4F1B0AE89400AF89B0 /* GraphViewController.swift in Sources */,
				941948F71AFD0B5300C972F6 /* ProductionViewController.swift in Sources */,
				943407B11B002C8200F71B71 /* DetailConsumptionViewController.swift in Sources */,
				B10E45BD1B02ED1400DCCA84 /* DataRetreiver.swift in Sources */,
				941948F91AFD0E1C00C972F6 /* ConsumptionViewController.swift in Sources */,
				945137951AF2EE55002ED072 /* AppDelegate.swift in Sources */,
				943407AD1AFEEC7700F71B71 /* Building.swift in Sources */,
				8000EB4D1B0AE84E00AF89B0 /* GraphView.swift in Sources */,
			);
			runOnlyForDeploymentPostprocessing = 0;
		};
		945137A01AF2EE55002ED072 /* Sources */ = {
			isa = PBXSourcesBuildPhase;
			buildActionMask = 2147483647;
			files = (
				945137AB1AF2EE55002ED072 /* EnergyTests.swift in Sources */,
			);
			runOnlyForDeploymentPostprocessing = 0;
		};
/* End PBXSourcesBuildPhase section */

/* Begin PBXTargetDependency section */
		945137A61AF2EE55002ED072 /* PBXTargetDependency */ = {
			isa = PBXTargetDependency;
			target = 9451378E1AF2EE55002ED072 /* Energy */;
			targetProxy = 945137A51AF2EE55002ED072 /* PBXContainerItemProxy */;
		};
/* End PBXTargetDependency section */

/* Begin PBXVariantGroup section */
		945137981AF2EE55002ED072 /* Main.storyboard */ = {
			isa = PBXVariantGroup;
			children = (
				945137991AF2EE55002ED072 /* Base */,
			);
			name = Main.storyboard;
			sourceTree = "<group>";
		};
		9451379D1AF2EE55002ED072 /* LaunchScreen.xib */ = {
			isa = PBXVariantGroup;
			children = (
				9451379E1AF2EE55002ED072 /* Base */,
			);
			name = LaunchScreen.xib;
			sourceTree = "<group>";
		};
/* End PBXVariantGroup section */

/* Begin XCBuildConfiguration section */
		945137AC1AF2EE55002ED072 /* Debug */ = {
			isa = XCBuildConfiguration;
			buildSettings = {
				ALWAYS_SEARCH_USER_PATHS = NO;
				CLANG_CXX_LANGUAGE_STANDARD = "gnu++0x";
				CLANG_CXX_LIBRARY = "libc++";
				CLANG_ENABLE_MODULES = YES;
				CLANG_ENABLE_OBJC_ARC = YES;
				CLANG_WARN_BOOL_CONVERSION = YES;
				CLANG_WARN_CONSTANT_CONVERSION = YES;
				CLANG_WARN_DIRECT_OBJC_ISA_USAGE = YES_ERROR;
				CLANG_WARN_EMPTY_BODY = YES;
				CLANG_WARN_ENUM_CONVERSION = YES;
				CLANG_WARN_INT_CONVERSION = YES;
				CLANG_WARN_OBJC_ROOT_CLASS = YES_ERROR;
				CLANG_WARN_UNREACHABLE_CODE = YES;
				CLANG_WARN__DUPLICATE_METHOD_MATCH = YES;
				"CODE_SIGN_IDENTITY[sdk=iphoneos*]" = "iPhone Developer";
				COPY_PHASE_STRIP = NO;
				DEBUG_INFORMATION_FORMAT = "dwarf-with-dsym";
				ENABLE_STRICT_OBJC_MSGSEND = YES;
				GCC_C_LANGUAGE_STANDARD = gnu99;
				GCC_DYNAMIC_NO_PIC = NO;
				GCC_NO_COMMON_BLOCKS = YES;
				GCC_OPTIMIZATION_LEVEL = 0;
				GCC_PREPROCESSOR_DEFINITIONS = (
					"DEBUG=1",
					"$(inherited)",
				);
				GCC_SYMBOLS_PRIVATE_EXTERN = NO;
				GCC_WARN_64_TO_32_BIT_CONVERSION = YES;
				GCC_WARN_ABOUT_RETURN_TYPE = YES_ERROR;
				GCC_WARN_UNDECLARED_SELECTOR = YES;
				GCC_WARN_UNINITIALIZED_AUTOS = YES_AGGRESSIVE;
				GCC_WARN_UNUSED_FUNCTION = YES;
				GCC_WARN_UNUSED_VARIABLE = YES;
				IPHONEOS_DEPLOYMENT_TARGET = 8.3;
				MTL_ENABLE_DEBUG_INFO = YES;
				ONLY_ACTIVE_ARCH = YES;
				SDKROOT = iphoneos;
				SWIFT_OPTIMIZATION_LEVEL = "-Onone";
			};
			name = Debug;
		};
		945137AD1AF2EE55002ED072 /* Release */ = {
			isa = XCBuildConfiguration;
			buildSettings = {
				ALWAYS_SEARCH_USER_PATHS = NO;
				CLANG_CXX_LANGUAGE_STANDARD = "gnu++0x";
				CLANG_CXX_LIBRARY = "libc++";
				CLANG_ENABLE_MODULES = YES;
				CLANG_ENABLE_OBJC_ARC = YES;
				CLANG_WARN_BOOL_CONVERSION = YES;
				CLANG_WARN_CONSTANT_CONVERSION = YES;
				CLANG_WARN_DIRECT_OBJC_ISA_USAGE = YES_ERROR;
				CLANG_WARN_EMPTY_BODY = YES;
				CLANG_WARN_ENUM_CONVERSION = YES;
				CLANG_WARN_INT_CONVERSION = YES;
				CLANG_WARN_OBJC_ROOT_CLASS = YES_ERROR;
				CLANG_WARN_UNREACHABLE_CODE = YES;
				CLANG_WARN__DUPLICATE_METHOD_MATCH = YES;
				"CODE_SIGN_IDENTITY[sdk=iphoneos*]" = "iPhone Developer";
				COPY_PHASE_STRIP = NO;
				DEBUG_INFORMATION_FORMAT = "dwarf-with-dsym";
				ENABLE_NS_ASSERTIONS = NO;
				ENABLE_STRICT_OBJC_MSGSEND = YES;
				GCC_C_LANGUAGE_STANDARD = gnu99;
				GCC_NO_COMMON_BLOCKS = YES;
				GCC_WARN_64_TO_32_BIT_CONVERSION = YES;
				GCC_WARN_ABOUT_RETURN_TYPE = YES_ERROR;
				GCC_WARN_UNDECLARED_SELECTOR = YES;
				GCC_WARN_UNINITIALIZED_AUTOS = YES_AGGRESSIVE;
				GCC_WARN_UNUSED_FUNCTION = YES;
				GCC_WARN_UNUSED_VARIABLE = YES;
				IPHONEOS_DEPLOYMENT_TARGET = 8.3;
				MTL_ENABLE_DEBUG_INFO = NO;
				SDKROOT = iphoneos;
				VALIDATE_PRODUCT = YES;
			};
			name = Release;
		};
		945137AF1AF2EE55002ED072 /* Debug */ = {
			isa = XCBuildConfiguration;
			buildSettings = {
				ASSETCATALOG_COMPILER_APPICON_NAME = AppIcon;
				CLANG_ENABLE_MODULES = YES;
				INFOPLIST_FILE = Energy/Info.plist;
				IPHONEOS_DEPLOYMENT_TARGET = 8.2;
				LD_RUNPATH_SEARCH_PATHS = "$(inherited) @executable_path/Frameworks";
				PRODUCT_NAME = "$(TARGET_NAME)";
				SWIFT_OBJC_BRIDGING_HEADER = "Energy/Energy-Bridging-Header.h";
				SWIFT_OPTIMIZATION_LEVEL = "-Onone";
			};
			name = Debug;
		};
		945137B01AF2EE55002ED072 /* Release */ = {
			isa = XCBuildConfiguration;
			buildSettings = {
				ASSETCATALOG_COMPILER_APPICON_NAME = AppIcon;
				CLANG_ENABLE_MODULES = YES;
				INFOPLIST_FILE = Energy/Info.plist;
				IPHONEOS_DEPLOYMENT_TARGET = 8.2;
				LD_RUNPATH_SEARCH_PATHS = "$(inherited) @executable_path/Frameworks";
				PRODUCT_NAME = "$(TARGET_NAME)";
				SWIFT_OBJC_BRIDGING_HEADER = "Energy/Energy-Bridging-Header.h";
			};
			name = Release;
		};
		945137B21AF2EE55002ED072 /* Debug */ = {
			isa = XCBuildConfiguration;
			buildSettings = {
				BUNDLE_LOADER = "$(TEST_HOST)";
				FRAMEWORK_SEARCH_PATHS = (
					"$(SDKROOT)/Developer/Library/Frameworks",
					"$(inherited)",
				);
				GCC_PREPROCESSOR_DEFINITIONS = (
					"DEBUG=1",
					"$(inherited)",
				);
				INFOPLIST_FILE = EnergyTests/Info.plist;
				IPHONEOS_DEPLOYMENT_TARGET = 8.2;
				LD_RUNPATH_SEARCH_PATHS = "$(inherited) @executable_path/Frameworks @loader_path/Frameworks";
				PRODUCT_NAME = "$(TARGET_NAME)";
				TEST_HOST = "$(BUILT_PRODUCTS_DIR)/Energy.app/Energy";
			};
			name = Debug;
		};
		945137B31AF2EE55002ED072 /* Release */ = {
			isa = XCBuildConfiguration;
			buildSettings = {
				BUNDLE_LOADER = "$(TEST_HOST)";
				FRAMEWORK_SEARCH_PATHS = (
					"$(SDKROOT)/Developer/Library/Frameworks",
					"$(inherited)",
				);
				INFOPLIST_FILE = EnergyTests/Info.plist;
				IPHONEOS_DEPLOYMENT_TARGET = 8.2;
				LD_RUNPATH_SEARCH_PATHS = "$(inherited) @executable_path/Frameworks @loader_path/Frameworks";
				PRODUCT_NAME = "$(TARGET_NAME)";
				TEST_HOST = "$(BUILT_PRODUCTS_DIR)/Energy.app/Energy";
			};
			name = Release;
		};
/* End XCBuildConfiguration section */

/* Begin XCConfigurationList section */
		9451378A1AF2EE55002ED072 /* Build configuration list for PBXProject "Energy" */ = {
			isa = XCConfigurationList;
			buildConfigurations = (
				945137AC1AF2EE55002ED072 /* Debug */,
				945137AD1AF2EE55002ED072 /* Release */,
			);
			defaultConfigurationIsVisible = 0;
			defaultConfigurationName = Release;
		};
		945137AE1AF2EE55002ED072 /* Build configuration list for PBXNativeTarget "Energy" */ = {
			isa = XCConfigurationList;
			buildConfigurations = (
				945137AF1AF2EE55002ED072 /* Debug */,
				945137B01AF2EE55002ED072 /* Release */,
			);
			defaultConfigurationIsVisible = 0;
			defaultConfigurationName = Release;
		};
		945137B11AF2EE55002ED072 /* Build configuration list for PBXNativeTarget "EnergyTests" */ = {
			isa = XCConfigurationList;
			buildConfigurations = (
				945137B21AF2EE55002ED072 /* Debug */,
				945137B31AF2EE55002ED072 /* Release */,
			);
			defaultConfigurationIsVisible = 0;
			defaultConfigurationName = Release;
		};
/* End XCConfigurationList section */
	};
	rootObject = 945137871AF2EE55002ED072 /* Project object */;
}
